
Microsoft Visual Studio Solution File, Format Version 12.00
# Visual Studio Version 16
VisualStudioVersion = 16.0.28922.388
MinimumVisualStudioVersion = 10.0.40219.1
Project("{9A19103F-16F7-4668-BE54-9A1E7A4F7556}") = "Parsing Service", "Parsing Service\Parsing Service.csproj", "{93CC0DFE-926F-4EB0-B7AC-8E1662CB2F8B}"
EndProject
Project("{9A19103F-16F7-4668-BE54-9A1E7A4F7556}") = "BOL", "BOL\BOL.csproj", "{6776263D-91FA-4CA8-B65F-121CCA17AA47}"
EndProject
Project("{9A19103F-16F7-4668-BE54-9A1E7A4F7556}") = "DAL", "DAL\DAL.csproj", "{C7C90762-72E0-4630-ACE9-BFB970339FDA}"
EndProject
Project("{FAE04EC0-301F-11D3-BF4B-00C04F79EFBC}") = "BLL", "BLL\BLL.csproj", "{DE29CAA9-F307-41BA-ADD4-5871875534CF}"
EndProject
Project("{FAE04EC0-301F-11D3-BF4B-00C04F79EFBC}") = "ParsingService", "ParsingService\ParsingService.csproj", "{884ED3E4-AB57-4BA8-BFD2-59C88635E6E8}"
EndProject
Global
	GlobalSection(SolutionConfigurationPlatforms) = preSolution
		Debug|Any CPU = Debug|Any CPU
		Release|Any CPU = Release|Any CPU
	EndGlobalSection
	GlobalSection(ProjectConfigurationPlatforms) = postSolution
		{93CC0DFE-926F-4EB0-B7AC-8E1662CB2F8B}.Debug|Any CPU.ActiveCfg = Debug|Any CPU
		{93CC0DFE-926F-4EB0-B7AC-8E1662CB2F8B}.Debug|Any CPU.Build.0 = Debug|Any CPU
		{93CC0DFE-926F-4EB0-B7AC-8E1662CB2F8B}.Release|Any CPU.ActiveCfg = Release|Any CPU
		{93CC0DFE-926F-4EB0-B7AC-8E1662CB2F8B}.Release|Any CPU.Build.0 = Release|Any CPU
		{6776263D-91FA-4CA8-B65F-121CCA17AA47}.Debug|Any CPU.ActiveCfg = Debug|Any CPU
		{6776263D-91FA-4CA8-B65F-121CCA17AA47}.Debug|Any CPU.Build.0 = Debug|Any CPU
		{6776263D-91FA-4CA8-B65F-121CCA17AA47}.Release|Any CPU.ActiveCfg = Release|Any CPU
		{6776263D-91FA-4CA8-B65F-121CCA17AA47}.Release|Any CPU.Build.0 = Release|Any CPU
		{C7C90762-72E0-4630-ACE9-BFB970339FDA}.Debug|Any CPU.ActiveCfg = Debug|Any CPU
		{C7C90762-72E0-4630-ACE9-BFB970339FDA}.Debug|Any CPU.Build.0 = Debug|Any CPU
		{C7C90762-72E0-4630-ACE9-BFB970339FDA}.Release|Any CPU.ActiveCfg = Release|Any CPU
		{C7C90762-72E0-4630-ACE9-BFB970339FDA}.Release|Any CPU.Build.0 = Release|Any CPU
		{DE29CAA9-F307-41BA-ADD4-5871875534CF}.Debug|Any CPU.ActiveCfg = Debug|Any CPU
		{DE29CAA9-F307-41BA-ADD4-5871875534CF}.Debug|Any CPU.Build.0 = Debug|Any CPU
		{DE29CAA9-F307-41BA-ADD4-5871875534CF}.Release|Any CPU.ActiveCfg = Release|Any CPU
		{DE29CAA9-F307-41BA-ADD4-5871875534CF}.Release|Any CPU.Build.0 = Release|Any CPU
		{884ED3E4-AB57-4BA8-BFD2-59C88635E6E8}.Debug|Any CPU.ActiveCfg = Debug|Any CPU
		{884ED3E4-AB57-4BA8-BFD2-59C88635E6E8}.Debug|Any CPU.Build.0 = Debug|Any CPU
		{884ED3E4-AB57-4BA8-BFD2-59C88635E6E8}.Release|Any CPU.ActiveCfg = Release|Any CPU
		{884ED3E4-AB57-4BA8-BFD2-59C88635E6E8}.Release|Any CPU.Build.0 = Release|Any CPU
	EndGlobalSection
	GlobalSection(SolutionProperties) = preSolution
		HideSolutionNode = FALSE
	EndGlobalSection
	GlobalSection(ExtensibilityGlobals) = postSolution
		SolutionGuid = {F7F85940-8B2E-4766-91E7-8F837D14C4E3}
	EndGlobalSection
EndGlobal
